
Microsoft Visual Studio Solution File, Format Version 11.00
# Visual Studio 2010
Project("{FAE04EC0-301F-11D3-BF4B-00C04F79EFBC}") = "Mirror", "Mirror.csproj", "{5A2DED41-21EA-7DBA-9803-390239DB24F3}"
EndProject
Project("{FAE04EC0-301F-11D3-BF4B-00C04F79EFBC}") = "Assembly-CSharp", "Assembly-CSharp.csproj", "{7B591CDE-9296-02D7-716D-9CCE07A9748A}"
EndProject
Project("{FAE04EC0-301F-11D3-BF4B-00C04F79EFBC}") = "SimpleWebTransport", "SimpleWebTransport.csproj", "{6CBE4F79-592A-AD69-5A3C-48C923FD7D5C}"
EndProject
Project("{FAE04EC0-301F-11D3-BF4B-00C04F79EFBC}") = "Mirror.Examples", "Mirror.Examples.csproj", "{6C5BA4A2-E85E-0D27-38C3-6C6CEED1B7E0}"
EndProject
Project("{FAE04EC0-301F-11D3-BF4B-00C04F79EFBC}") = "Mirror.Components", "Mirror.Components.csproj", "{1DA46B5C-42C4-8698-E8DA-1206CB974AA0}"
EndProject
Project("{FAE04EC0-301F-11D3-BF4B-00C04F79EFBC}") = "kcp2k", "kcp2k.csproj", "{2C5D6EC7-83B0-8144-D6B1-99AA8F78F3BB}"
EndProject
Project("{FAE04EC0-301F-11D3-BF4B-00C04F79EFBC}") = "Telepathy", "Telepathy.csproj", "{BADCAD81-4152-580C-5947-06C856DD12A6}"
EndProject
Project("{FAE04EC0-301F-11D3-BF4B-00C04F79EFBC}") = "Mirror.Authenticators", "Mirror.Authenticators.csproj", "{C1CD38D8-DBF9-759F-4DE3-BC4894B3FE94}"
EndProject
Project("{FAE04EC0-301F-11D3-BF4B-00C04F79EFBC}") = "where-allocations", "where-allocations.csproj", "{8EE751FD-1CC0-52F6-374B-B2C7099BC522}"
EndProject
Project("{FAE04EC0-301F-11D3-BF4B-00C04F79EFBC}") = "Mirror.Weaver", "Mirror.Weaver.csproj", "{DBB49C0F-0F92-1C3F-E466-C8C367DC2C12}"
EndProject
Project("{FAE04EC0-301F-11D3-BF4B-00C04F79EFBC}") = "Mirror.Editor", "Mirror.Editor.csproj", "{E2DED7AD-D66E-DD49-4FBC-F63E5492F25E}"
EndProject
Project("{FAE04EC0-301F-11D3-BF4B-00C04F79EFBC}") = "Mirror.CompilerSymbols", "Mirror.CompilerSymbols.csproj", "{A3454303-3DE3-6E09-D94C-3DB6BC5CF89E}"
EndProject
Project("{FAE04EC0-301F-11D3-BF4B-00C04F79EFBC}") = "Assembly-CSharp-Editor", "Assembly-CSharp-Editor.csproj", "{399CE1F9-7A40-E850-B17C-5C048599AD64}"
EndProject
Global
	GlobalSection(SolutionConfigurationPlatforms) = preSolution
		Debug|Any CPU = Debug|Any CPU
		Release|Any CPU = Release|Any CPU
	EndGlobalSection
	GlobalSection(ProjectConfigurationPlatforms) = postSolution
		{5A2DED41-21EA-7DBA-9803-390239DB24F3}.Debug|Any CPU.ActiveCfg = Debug|Any CPU
		{5A2DED41-21EA-7DBA-9803-390239DB24F3}.Debug|Any CPU.Build.0 = Debug|Any CPU
		{5A2DED41-21EA-7DBA-9803-390239DB24F3}.Release|Any CPU.ActiveCfg = Release|Any CPU
		{5A2DED41-21EA-7DBA-9803-390239DB24F3}.Release|Any CPU.Build.0 = Release|Any CPU
		{7B591CDE-9296-02D7-716D-9CCE07A9748A}.Debug|Any CPU.ActiveCfg = Debug|Any CPU
		{7B591CDE-9296-02D7-716D-9CCE07A9748A}.Debug|Any CPU.Build.0 = Debug|Any CPU
		{7B591CDE-9296-02D7-716D-9CCE07A9748A}.Release|Any CPU.ActiveCfg = Release|Any CPU
		{7B591CDE-9296-02D7-716D-9CCE07A9748A}.Release|Any CPU.Build.0 = Release|Any CPU
		{6CBE4F79-592A-AD69-5A3C-48C923FD7D5C}.Debug|Any CPU.ActiveCfg = Debug|Any CPU
		{6CBE4F79-592A-AD69-5A3C-48C923FD7D5C}.Debug|Any CPU.Build.0 = Debug|Any CPU
		{6CBE4F79-592A-AD69-5A3C-48C923FD7D5C}.Release|Any CPU.ActiveCfg = Release|Any CPU
		{6CBE4F79-592A-AD69-5A3C-48C923FD7D5C}.Release|Any CPU.Build.0 = Release|Any CPU
		{6C5BA4A2-E85E-0D27-38C3-6C6CEED1B7E0}.Debug|Any CPU.ActiveCfg = Debug|Any CPU
		{6C5BA4A2-E85E-0D27-38C3-6C6CEED1B7E0}.Debug|Any CPU.Build.0 = Debug|Any CPU
		{6C5BA4A2-E85E-0D27-38C3-6C6CEED1B7E0}.Release|Any CPU.ActiveCfg = Release|Any CPU
		{6C5BA4A2-E85E-0D27-38C3-6C6CEED1B7E0}.Release|Any CPU.Build.0 = Release|Any CPU
		{1DA46B5C-42C4-8698-E8DA-1206CB974AA0}.Debug|Any CPU.ActiveCfg = Debug|Any CPU
		{1DA46B5C-42C4-8698-E8DA-1206CB974AA0}.Debug|Any CPU.Build.0 = Debug|Any CPU
		{1DA46B5C-42C4-8698-E8DA-1206CB974AA0}.Release|Any CPU.ActiveCfg = Release|Any CPU
		{1DA46B5C-42C4-8698-E8DA-1206CB974AA0}.Release|Any CPU.Build.0 = Release|Any CPU
		{2C5D6EC7-83B0-8144-D6B1-99AA8F78F3BB}.Debug|Any CPU.ActiveCfg = Debug|Any CPU
		{2C5D6EC7-83B0-8144-D6B1-99AA8F78F3BB}.Debug|Any CPU.Build.0 = Debug|Any CPU
		{2C5D6EC7-83B0-8144-D6B1-99AA8F78F3BB}.Release|Any CPU.ActiveCfg = Release|Any CPU
		{2C5D6EC7-83B0-8144-D6B1-99AA8F78F3BB}.Release|Any CPU.Build.0 = Release|Any CPU
		{BADCAD81-4152-580C-5947-06C856DD12A6}.Debug|Any CPU.ActiveCfg = Debug|Any CPU
		{BADCAD81-4152-580C-5947-06C856DD12A6}.Debug|Any CPU.Build.0 = Debug|Any CPU
		{BADCAD81-4152-580C-5947-06C856DD12A6}.Release|Any CPU.ActiveCfg = Release|Any CPU
		{BADCAD81-4152-580C-5947-06C856DD12A6}.Release|Any CPU.Build.0 = Release|Any CPU
		{C1CD38D8-DBF9-759F-4DE3-BC4894B3FE94}.Debug|Any CPU.ActiveCfg = Debug|Any CPU
		{C1CD38D8-DBF9-759F-4DE3-BC4894B3FE94}.Debug|Any CPU.Build.0 = Debug|Any CPU
		{C1CD38D8-DBF9-759F-4DE3-BC4894B3FE94}.Release|Any CPU.ActiveCfg = Release|Any CPU
		{C1CD38D8-DBF9-759F-4DE3-BC4894B3FE94}.Release|Any CPU.Build.0 = Release|Any CPU
		{8EE751FD-1CC0-52F6-374B-B2C7099BC522}.Debug|Any CPU.ActiveCfg = Debug|Any CPU
		{8EE751FD-1CC0-52F6-374B-B2C7099BC522}.Debug|Any CPU.Build.0 = Debug|Any CPU
		{8EE751FD-1CC0-52F6-374B-B2C7099BC522}.Release|Any CPU.ActiveCfg = Release|Any CPU
		{8EE751FD-1CC0-52F6-374B-B2C7099BC522}.Release|Any CPU.Build.0 = Release|Any CPU
		{DBB49C0F-0F92-1C3F-E466-C8C367DC2C12}.Debug|Any CPU.ActiveCfg = Debug|Any CPU
		{DBB49C0F-0F92-1C3F-E466-C8C367DC2C12}.Debug|Any CPU.Build.0 = Debug|Any CPU
		{DBB49C0F-0F92-1C3F-E466-C8C367DC2C12}.Release|Any CPU.ActiveCfg = Release|Any CPU
		{DBB49C0F-0F92-1C3F-E466-C8C367DC2C12}.Release|Any CPU.Build.0 = Release|Any CPU
		{E2DED7AD-D66E-DD49-4FBC-F63E5492F25E}.Debug|Any CPU.ActiveCfg = Debug|Any CPU
		{E2DED7AD-D66E-DD49-4FBC-F63E5492F25E}.Debug|Any CPU.Build.0 = Debug|Any CPU
		{E2DED7AD-D66E-DD49-4FBC-F63E5492F25E}.Release|Any CPU.ActiveCfg = Release|Any CPU
		{E2DED7AD-D66E-DD49-4FBC-F63E5492F25E}.Release|Any CPU.Build.0 = Release|Any CPU
		{A3454303-3DE3-6E09-D94C-3DB6BC5CF89E}.Debug|Any CPU.ActiveCfg = Debug|Any CPU
		{A3454303-3DE3-6E09-D94C-3DB6BC5CF89E}.Debug|Any CPU.Build.0 = Debug|Any CPU
		{A3454303-3DE3-6E09-D94C-3DB6BC5CF89E}.Release|Any CPU.ActiveCfg = Release|Any CPU
		{A3454303-3DE3-6E09-D94C-3DB6BC5CF89E}.Release|Any CPU.Build.0 = Release|Any CPU
		{399CE1F9-7A40-E850-B17C-5C048599AD64}.Debug|Any CPU.ActiveCfg = Debug|Any CPU
		{399CE1F9-7A40-E850-B17C-5C048599AD64}.Debug|Any CPU.Build.0 = Debug|Any CPU
		{399CE1F9-7A40-E850-B17C-5C048599AD64}.Release|Any CPU.ActiveCfg = Release|Any CPU
		{399CE1F9-7A40-E850-B17C-5C048599AD64}.Release|Any CPU.Build.0 = Release|Any CPU
	EndGlobalSection
	GlobalSection(SolutionProperties) = preSolution
		HideSolutionNode = FALSE
	EndGlobalSection
EndGlobal
